
Microsoft Visual Studio Solution File, Format Version 12.00
# Visual Studio Version 17
VisualStudioVersion = 17.5.33424.131
MinimumVisualStudioVersion = 10.0.40219.1
Project("{FAE04EC0-301F-11D3-BF4B-00C04F79EFBC}") = "AngularAuthWebApi", "AngularAuthWebApi\AngularAuthWebApi.csproj", "{7AF458AC-235B-45B4-92F4-9588823B2640}"
EndProject
Global
	GlobalSection(SolutionConfigurationPlatforms) = preSolution
		Debug|Any CPU = Debug|Any CPU
		Release|Any CPU = Release|Any CPU
	EndGlobalSection
	GlobalSection(ProjectConfigurationPlatforms) = postSolution
		{7AF458AC-235B-45B4-92F4-9588823B2640}.Debug|Any CPU.ActiveCfg = Debug|Any CPU
		{7AF458AC-235B-45B4-92F4-9588823B2640}.Debug|Any CPU.Build.0 = Debug|Any CPU
		{7AF458AC-235B-45B4-92F4-9588823B2640}.Release|Any CPU.ActiveCfg = Release|Any CPU
		{7AF458AC-235B-45B4-92F4-9588823B2640}.Release|Any CPU.Build.0 = Release|Any CPU
	EndGlobalSection
	GlobalSection(SolutionProperties) = preSolution
		HideSolutionNode = FALSE
	EndGlobalSection
	GlobalSection(ExtensibilityGlobals) = postSolution
		SolutionGuid = {81B7EDBC-62E5-4200-81DA-DE203E55CF5E}
	EndGlobalSection
EndGlobal
